
Microsoft Visual Studio Solution File, Format Version 12.00
# Visual Studio 14
VisualStudioVersion = 14.0.25420.1
MinimumVisualStudioVersion = 10.0.40219.1
Project("{FAE04EC0-301F-11D3-BF4B-00C04F79EFBC}") = "Koob.Vista", "Koob.Vista\Koob.Vista.csproj", "{14447916-D599-4FED-AA5E-3AA98A8A2B74}"
EndProject
Project("{FAE04EC0-301F-11D3-BF4B-00C04F79EFBC}") = "Koob.TDDTests", "Koob.Tests\Koob.TDDTests.csproj", "{B1E6EF90-DB67-4C80-A8D4-DDF9A95ACDA9}"
EndProject
Project("{FAE04EC0-301F-11D3-BF4B-00C04F79EFBC}") = "Koob.Dominio", "Koob.Dominio\Koob.Dominio.csproj", "{45E1808A-9FDF-412F-8C46-B30D11B01500}"
EndProject
Project("{FAE04EC0-301F-11D3-BF4B-00C04F79EFBC}") = "Koob.Repositorio", "Koob.Repositorio\Koob.Repositorio.csproj", "{CCC8252D-F4E2-4BF8-8842-1A5A9A08EC08}"
EndProject
Project("{FAE04EC0-301F-11D3-BF4B-00C04F79EFBC}") = "Koob.Servicios", "Koob.Servicios\Koob.Servicios.csproj", "{79180B15-F91F-45D4-B57F-2BACD7D6A948}"
EndProject
Project("{FAE04EC0-301F-11D3-BF4B-00C04F79EFBC}") = "Koob.AccesoADatos", "Koob.AccesoADatos\Koob.AccesoADatos.csproj", "{9BBDCB77-A35F-44B0-820D-3A05C89F7579}"
EndProject
Global
	GlobalSection(SolutionConfigurationPlatforms) = preSolution
		Debug|Any CPU = Debug|Any CPU
		Release|Any CPU = Release|Any CPU
	EndGlobalSection
	GlobalSection(ProjectConfigurationPlatforms) = postSolution
		{14447916-D599-4FED-AA5E-3AA98A8A2B74}.Debug|Any CPU.ActiveCfg = Debug|Any CPU
		{14447916-D599-4FED-AA5E-3AA98A8A2B74}.Debug|Any CPU.Build.0 = Debug|Any CPU
		{14447916-D599-4FED-AA5E-3AA98A8A2B74}.Release|Any CPU.ActiveCfg = Release|Any CPU
		{14447916-D599-4FED-AA5E-3AA98A8A2B74}.Release|Any CPU.Build.0 = Release|Any CPU
		{B1E6EF90-DB67-4C80-A8D4-DDF9A95ACDA9}.Debug|Any CPU.ActiveCfg = Debug|Any CPU
		{B1E6EF90-DB67-4C80-A8D4-DDF9A95ACDA9}.Debug|Any CPU.Build.0 = Debug|Any CPU
		{B1E6EF90-DB67-4C80-A8D4-DDF9A95ACDA9}.Release|Any CPU.ActiveCfg = Release|Any CPU
		{B1E6EF90-DB67-4C80-A8D4-DDF9A95ACDA9}.Release|Any CPU.Build.0 = Release|Any CPU
		{45E1808A-9FDF-412F-8C46-B30D11B01500}.Debug|Any CPU.ActiveCfg = Debug|Any CPU
		{45E1808A-9FDF-412F-8C46-B30D11B01500}.Debug|Any CPU.Build.0 = Debug|Any CPU
		{45E1808A-9FDF-412F-8C46-B30D11B01500}.Release|Any CPU.ActiveCfg = Release|Any CPU
		{45E1808A-9FDF-412F-8C46-B30D11B01500}.Release|Any CPU.Build.0 = Release|Any CPU
		{CCC8252D-F4E2-4BF8-8842-1A5A9A08EC08}.Debug|Any CPU.ActiveCfg = Debug|Any CPU
		{CCC8252D-F4E2-4BF8-8842-1A5A9A08EC08}.Debug|Any CPU.Build.0 = Debug|Any CPU
		{CCC8252D-F4E2-4BF8-8842-1A5A9A08EC08}.Release|Any CPU.ActiveCfg = Release|Any CPU
		{CCC8252D-F4E2-4BF8-8842-1A5A9A08EC08}.Release|Any CPU.Build.0 = Release|Any CPU
		{79180B15-F91F-45D4-B57F-2BACD7D6A948}.Debug|Any CPU.ActiveCfg = Debug|Any CPU
		{79180B15-F91F-45D4-B57F-2BACD7D6A948}.Debug|Any CPU.Build.0 = Debug|Any CPU
		{79180B15-F91F-45D4-B57F-2BACD7D6A948}.Release|Any CPU.ActiveCfg = Release|Any CPU
		{79180B15-F91F-45D4-B57F-2BACD7D6A948}.Release|Any CPU.Build.0 = Release|Any CPU
		{9BBDCB77-A35F-44B0-820D-3A05C89F7579}.Debug|Any CPU.ActiveCfg = Debug|Any CPU
		{9BBDCB77-A35F-44B0-820D-3A05C89F7579}.Debug|Any CPU.Build.0 = Debug|Any CPU
		{9BBDCB77-A35F-44B0-820D-3A05C89F7579}.Release|Any CPU.ActiveCfg = Release|Any CPU
		{9BBDCB77-A35F-44B0-820D-3A05C89F7579}.Release|Any CPU.Build.0 = Release|Any CPU
	EndGlobalSection
	GlobalSection(SolutionProperties) = preSolution
		HideSolutionNode = FALSE
	EndGlobalSection
EndGlobal
